
Microsoft Visual Studio Solution File, Format Version 12.00
# Visual Studio Version 17
Project("{8BC9CEB8-8B4A-11D0-8D11-00A0C91BC942}") = "ALL_BUILD", "ALL_BUILD.vcxproj", "{BA6A08CB-13CD-348F-B96A-1DCBADD99BB8}"
	ProjectSection(ProjectDependencies) = postProject
		{1B0BCC03-1E4D-3A9A-A77D-0DD1EA69C331} = {1B0BCC03-1E4D-3A9A-A77D-0DD1EA69C331}
		{742C6C9B-DF54-36D3-9081-C4026F610885} = {742C6C9B-DF54-36D3-9081-C4026F610885}
	EndProjectSection
EndProject
Project("{8BC9CEB8-8B4A-11D0-8D11-00A0C91BC942}") = "ZERO_CHECK", "ZERO_CHECK.vcxproj", "{1B0BCC03-1E4D-3A9A-A77D-0DD1EA69C331}"
	ProjectSection(ProjectDependencies) = postProject
	EndProjectSection
EndProject
Project("{8BC9CEB8-8B4A-11D0-8D11-00A0C91BC942}") = "hotel_app", "hotel_app.vcxproj", "{742C6C9B-DF54-36D3-9081-C4026F610885}"
	ProjectSection(ProjectDependencies) = postProject
		{1B0BCC03-1E4D-3A9A-A77D-0DD1EA69C331} = {1B0BCC03-1E4D-3A9A-A77D-0DD1EA69C331}
	EndProjectSection
EndProject
Global
	GlobalSection(SolutionConfigurationPlatforms) = preSolution
		Debug|x64 = Debug|x64
		Release|x64 = Release|x64
		MinSizeRel|x64 = MinSizeRel|x64
		RelWithDebInfo|x64 = RelWithDebInfo|x64
	EndGlobalSection
	GlobalSection(ProjectConfigurationPlatforms) = postSolution
		{BA6A08CB-13CD-348F-B96A-1DCBADD99BB8}.Debug|x64.ActiveCfg = Debug|x64
		{BA6A08CB-13CD-348F-B96A-1DCBADD99BB8}.Release|x64.ActiveCfg = Release|x64
		{BA6A08CB-13CD-348F-B96A-1DCBADD99BB8}.MinSizeRel|x64.ActiveCfg = MinSizeRel|x64
		{BA6A08CB-13CD-348F-B96A-1DCBADD99BB8}.RelWithDebInfo|x64.ActiveCfg = RelWithDebInfo|x64
		{1B0BCC03-1E4D-3A9A-A77D-0DD1EA69C331}.Debug|x64.ActiveCfg = Debug|x64
		{1B0BCC03-1E4D-3A9A-A77D-0DD1EA69C331}.Debug|x64.Build.0 = Debug|x64
		{1B0BCC03-1E4D-3A9A-A77D-0DD1EA69C331}.Release|x64.ActiveCfg = Release|x64
		{1B0BCC03-1E4D-3A9A-A77D-0DD1EA69C331}.Release|x64.Build.0 = Release|x64
		{1B0BCC03-1E4D-3A9A-A77D-0DD1EA69C331}.MinSizeRel|x64.ActiveCfg = MinSizeRel|x64
		{1B0BCC03-1E4D-3A9A-A77D-0DD1EA69C331}.MinSizeRel|x64.Build.0 = MinSizeRel|x64
		{1B0BCC03-1E4D-3A9A-A77D-0DD1EA69C331}.RelWithDebInfo|x64.ActiveCfg = RelWithDebInfo|x64
		{1B0BCC03-1E4D-3A9A-A77D-0DD1EA69C331}.RelWithDebInfo|x64.Build.0 = RelWithDebInfo|x64
		{742C6C9B-DF54-36D3-9081-C4026F610885}.Debug|x64.ActiveCfg = Debug|x64
		{742C6C9B-DF54-36D3-9081-C4026F610885}.Debug|x64.Build.0 = Debug|x64
		{742C6C9B-DF54-36D3-9081-C4026F610885}.Release|x64.ActiveCfg = Release|x64
		{742C6C9B-DF54-36D3-9081-C4026F610885}.Release|x64.Build.0 = Release|x64
		{742C6C9B-DF54-36D3-9081-C4026F610885}.MinSizeRel|x64.ActiveCfg = MinSizeRel|x64
		{742C6C9B-DF54-36D3-9081-C4026F610885}.MinSizeRel|x64.Build.0 = MinSizeRel|x64
		{742C6C9B-DF54-36D3-9081-C4026F610885}.RelWithDebInfo|x64.ActiveCfg = RelWithDebInfo|x64
		{742C6C9B-DF54-36D3-9081-C4026F610885}.RelWithDebInfo|x64.Build.0 = RelWithDebInfo|x64
	EndGlobalSection
	GlobalSection(ExtensibilityGlobals) = postSolution
		SolutionGuid = {A108D079-A4A7-3A68-B804-9A0AC261B179}
	EndGlobalSection
	GlobalSection(ExtensibilityAddIns) = postSolution
	EndGlobalSection
EndGlobal
