<?xml version="1.0" encoding="utf-8"?>
<Project ToolsVersion="17.0" xmlns="http://schemas.microsoft.com/developer/msbuild/2003">
  <ItemGroup>
    <CustomBuild Include="E:\GitHubRepos\CppAPIDesign\Chapter2\HotelShower\CMakeFiles\5dd542f3c760c85c8458adc19c61ffd9\generate.stamp.rule">
      <Filter>CMake Rules</Filter>
    </CustomBuild>
  </ItemGroup>
  <ItemGroup>
    <Filter Include="CMake Rules">
      <UniqueIdentifier>{A6143613-A721-3487-9CEB-544E20D2A67F}</UniqueIdentifier>
    </Filter>
  </ItemGroup>
</Project>
