
Microsoft Visual Studio Solution File, Format Version 12.00
# Visual Studio Version 17
Project("{8BC9CEB8-8B4A-11D0-8D11-00A0C91BC942}") = "ALL_BUILD", "ALL_BUILD.vcxproj", "{3F409D0F-0056-3B93-8F2A-947CC77B8131}"
	ProjectSection(ProjectDependencies) = postProject
		{02C84CF9-1AF1-3048-8BFC-7DD3195B2828} = {02C84CF9-1AF1-3048-8BFC-7DD3195B2828}
		{9839019F-786F-3E45-8C8B-0F08EF427E04} = {9839019F-786F-3E45-8C8B-0F08EF427E04}
		{E94642A9-235B-3A23-9CEA-C33FED41E2D8} = {E94642A9-235B-3A23-9CEA-C33FED41E2D8}
		{08AA6460-B821-31F3-97CD-B0CA49ED381B} = {08AA6460-B821-31F3-97CD-B0CA49ED381B}
		{F28EF3CB-942C-38D3-93E6-A3C42F875666} = {F28EF3CB-942C-38D3-93E6-A3C42F875666}
	EndProjectSection
EndProject
Project("{8BC9CEB8-8B4A-11D0-8D11-00A0C91BC942}") = "Object", "Object.vcxproj", "{02C84CF9-1AF1-3048-8BFC-7DD3195B2828}"
	ProjectSection(ProjectDependencies) = postProject
		{08AA6460-B821-31F3-97CD-B0CA49ED381B} = {08AA6460-B821-31F3-97CD-B0CA49ED381B}
	EndProjectSection
EndProject
Project("{8BC9CEB8-8B4A-11D0-8D11-00A0C91BC942}") = "ObjectHolder", "ObjectHolder.vcxproj", "{9839019F-786F-3E45-8C8B-0F08EF427E04}"
	ProjectSection(ProjectDependencies) = postProject
		{08AA6460-B821-31F3-97CD-B0CA49ED381B} = {08AA6460-B821-31F3-97CD-B0CA49ED381B}
	EndProjectSection
EndProject
Project("{8BC9CEB8-8B4A-11D0-8D11-00A0C91BC942}") = "ObjectTaker", "ObjectTaker.vcxproj", "{E94642A9-235B-3A23-9CEA-C33FED41E2D8}"
	ProjectSection(ProjectDependencies) = postProject
		{08AA6460-B821-31F3-97CD-B0CA49ED381B} = {08AA6460-B821-31F3-97CD-B0CA49ED381B}
	EndProjectSection
EndProject
Project("{8BC9CEB8-8B4A-11D0-8D11-00A0C91BC942}") = "ZERO_CHECK", "ZERO_CHECK.vcxproj", "{08AA6460-B821-31F3-97CD-B0CA49ED381B}"
	ProjectSection(ProjectDependencies) = postProject
	EndProjectSection
EndProject
Project("{8BC9CEB8-8B4A-11D0-8D11-00A0C91BC942}") = "clean-cmake-files", "clean-cmake-files.vcxproj", "{69332673-1634-354C-A5BF-0E0516C445F4}"
	ProjectSection(ProjectDependencies) = postProject
		{08AA6460-B821-31F3-97CD-B0CA49ED381B} = {08AA6460-B821-31F3-97CD-B0CA49ED381B}
	EndProjectSection
EndProject
Project("{8BC9CEB8-8B4A-11D0-8D11-00A0C91BC942}") = "main", "main.vcxproj", "{F28EF3CB-942C-38D3-93E6-A3C42F875666}"
	ProjectSection(ProjectDependencies) = postProject
		{08AA6460-B821-31F3-97CD-B0CA49ED381B} = {08AA6460-B821-31F3-97CD-B0CA49ED381B}
	EndProjectSection
EndProject
Global
	GlobalSection(SolutionConfigurationPlatforms) = preSolution
		Debug|x64 = Debug|x64
		Release|x64 = Release|x64
		MinSizeRel|x64 = MinSizeRel|x64
		RelWithDebInfo|x64 = RelWithDebInfo|x64
	EndGlobalSection
	GlobalSection(ProjectConfigurationPlatforms) = postSolution
		{3F409D0F-0056-3B93-8F2A-947CC77B8131}.Debug|x64.ActiveCfg = Debug|x64
		{3F409D0F-0056-3B93-8F2A-947CC77B8131}.Release|x64.ActiveCfg = Release|x64
		{3F409D0F-0056-3B93-8F2A-947CC77B8131}.MinSizeRel|x64.ActiveCfg = MinSizeRel|x64
		{3F409D0F-0056-3B93-8F2A-947CC77B8131}.RelWithDebInfo|x64.ActiveCfg = RelWithDebInfo|x64
		{02C84CF9-1AF1-3048-8BFC-7DD3195B2828}.Debug|x64.ActiveCfg = Debug|x64
		{02C84CF9-1AF1-3048-8BFC-7DD3195B2828}.Debug|x64.Build.0 = Debug|x64
		{02C84CF9-1AF1-3048-8BFC-7DD3195B2828}.Release|x64.ActiveCfg = Release|x64
		{02C84CF9-1AF1-3048-8BFC-7DD3195B2828}.Release|x64.Build.0 = Release|x64
		{02C84CF9-1AF1-3048-8BFC-7DD3195B2828}.MinSizeRel|x64.ActiveCfg = MinSizeRel|x64
		{02C84CF9-1AF1-3048-8BFC-7DD3195B2828}.MinSizeRel|x64.Build.0 = MinSizeRel|x64
		{02C84CF9-1AF1-3048-8BFC-7DD3195B2828}.RelWithDebInfo|x64.ActiveCfg = RelWithDebInfo|x64
		{02C84CF9-1AF1-3048-8BFC-7DD3195B2828}.RelWithDebInfo|x64.Build.0 = RelWithDebInfo|x64
		{9839019F-786F-3E45-8C8B-0F08EF427E04}.Debug|x64.ActiveCfg = Debug|x64
		{9839019F-786F-3E45-8C8B-0F08EF427E04}.Debug|x64.Build.0 = Debug|x64
		{9839019F-786F-3E45-8C8B-0F08EF427E04}.Release|x64.ActiveCfg = Release|x64
		{9839019F-786F-3E45-8C8B-0F08EF427E04}.Release|x64.Build.0 = Release|x64
		{9839019F-786F-3E45-8C8B-0F08EF427E04}.MinSizeRel|x64.ActiveCfg = MinSizeRel|x64
		{9839019F-786F-3E45-8C8B-0F08EF427E04}.MinSizeRel|x64.Build.0 = MinSizeRel|x64
		{9839019F-786F-3E45-8C8B-0F08EF427E04}.RelWithDebInfo|x64.ActiveCfg = RelWithDebInfo|x64
		{9839019F-786F-3E45-8C8B-0F08EF427E04}.RelWithDebInfo|x64.Build.0 = RelWithDebInfo|x64
		{E94642A9-235B-3A23-9CEA-C33FED41E2D8}.Debug|x64.ActiveCfg = Debug|x64
		{E94642A9-235B-3A23-9CEA-C33FED41E2D8}.Debug|x64.Build.0 = Debug|x64
		{E94642A9-235B-3A23-9CEA-C33FED41E2D8}.Release|x64.ActiveCfg = Release|x64
		{E94642A9-235B-3A23-9CEA-C33FED41E2D8}.Release|x64.Build.0 = Release|x64
		{E94642A9-235B-3A23-9CEA-C33FED41E2D8}.MinSizeRel|x64.ActiveCfg = MinSizeRel|x64
		{E94642A9-235B-3A23-9CEA-C33FED41E2D8}.MinSizeRel|x64.Build.0 = MinSizeRel|x64
		{E94642A9-235B-3A23-9CEA-C33FED41E2D8}.RelWithDebInfo|x64.ActiveCfg = RelWithDebInfo|x64
		{E94642A9-235B-3A23-9CEA-C33FED41E2D8}.RelWithDebInfo|x64.Build.0 = RelWithDebInfo|x64
		{08AA6460-B821-31F3-97CD-B0CA49ED381B}.Debug|x64.ActiveCfg = Debug|x64
		{08AA6460-B821-31F3-97CD-B0CA49ED381B}.Debug|x64.Build.0 = Debug|x64
		{08AA6460-B821-31F3-97CD-B0CA49ED381B}.Release|x64.ActiveCfg = Release|x64
		{08AA6460-B821-31F3-97CD-B0CA49ED381B}.Release|x64.Build.0 = Release|x64
		{08AA6460-B821-31F3-97CD-B0CA49ED381B}.MinSizeRel|x64.ActiveCfg = MinSizeRel|x64
		{08AA6460-B821-31F3-97CD-B0CA49ED381B}.MinSizeRel|x64.Build.0 = MinSizeRel|x64
		{08AA6460-B821-31F3-97CD-B0CA49ED381B}.RelWithDebInfo|x64.ActiveCfg = RelWithDebInfo|x64
		{08AA6460-B821-31F3-97CD-B0CA49ED381B}.RelWithDebInfo|x64.Build.0 = RelWithDebInfo|x64
		{69332673-1634-354C-A5BF-0E0516C445F4}.Debug|x64.ActiveCfg = Debug|x64
		{69332673-1634-354C-A5BF-0E0516C445F4}.Release|x64.ActiveCfg = Release|x64
		{69332673-1634-354C-A5BF-0E0516C445F4}.MinSizeRel|x64.ActiveCfg = MinSizeRel|x64
		{69332673-1634-354C-A5BF-0E0516C445F4}.RelWithDebInfo|x64.ActiveCfg = RelWithDebInfo|x64
		{F28EF3CB-942C-38D3-93E6-A3C42F875666}.Debug|x64.ActiveCfg = Debug|x64
		{F28EF3CB-942C-38D3-93E6-A3C42F875666}.Debug|x64.Build.0 = Debug|x64
		{F28EF3CB-942C-38D3-93E6-A3C42F875666}.Release|x64.ActiveCfg = Release|x64
		{F28EF3CB-942C-38D3-93E6-A3C42F875666}.Release|x64.Build.0 = Release|x64
		{F28EF3CB-942C-38D3-93E6-A3C42F875666}.MinSizeRel|x64.ActiveCfg = MinSizeRel|x64
		{F28EF3CB-942C-38D3-93E6-A3C42F875666}.MinSizeRel|x64.Build.0 = MinSizeRel|x64
		{F28EF3CB-942C-38D3-93E6-A3C42F875666}.RelWithDebInfo|x64.ActiveCfg = RelWithDebInfo|x64
		{F28EF3CB-942C-38D3-93E6-A3C42F875666}.RelWithDebInfo|x64.Build.0 = RelWithDebInfo|x64
	EndGlobalSection
	GlobalSection(ExtensibilityGlobals) = postSolution
		SolutionGuid = {69B9C23B-947D-32A4-8C02-EF4FBBF6722E}
	EndGlobalSection
	GlobalSection(ExtensibilityAddIns) = postSolution
	EndGlobalSection
EndGlobal
