<?xml version="1.0" encoding="utf-8"?>
<Project ToolsVersion="17.0" xmlns="http://schemas.microsoft.com/developer/msbuild/2003">
  <ItemGroup>
    <CustomBuild Include="E:\GitHubRepos\CppAPIDesign\Chapter2\ObjectHolder\src\CMakeFiles\bd61a99f8a5ab62cea83aaae1d0d8359\generate.stamp.rule">
      <Filter>CMake Rules</Filter>
    </CustomBuild>
  </ItemGroup>
  <ItemGroup>
    <Filter Include="CMake Rules">
      <UniqueIdentifier>{779BEA20-2AAF-39ED-BABB-3BD865BF4FAB}</UniqueIdentifier>
    </Filter>
  </ItemGroup>
</Project>
